
Microsoft Visual Studio Solution File, Format Version 12.00
# Visual Studio 15
VisualStudioVersion = 15.0.26430.16
MinimumVisualStudioVersion = 10.0.40219.1
Project("{FAE04EC0-301F-11D3-BF4B-00C04F79EFBC}") = "OneElement", "OneElement\OneElement.csproj", "{61E17684-CE87-4B59-BC84-10AB6233D610}"
EndProject
Project("{FAE04EC0-301F-11D3-BF4B-00C04F79EFBC}") = "012Sort", "012Sort\012Sort.csproj", "{112E9EC8-F0E0-4B46-B8D9-0DC5CDAE9CDB}"
EndProject
Project("{FAE04EC0-301F-11D3-BF4B-00C04F79EFBC}") = "Key Pair", "Key Pair\Key Pair.csproj", "{93288E0A-FA9C-464F-A471-347492768B9F}"
EndProject
Project("{FAE04EC0-301F-11D3-BF4B-00C04F79EFBC}") = "Kadane's Algorithm", "Kadane's Algorithm\Kadane's Algorithm.csproj", "{EB0DAECF-8161-4B69-B077-4B22C5A6997B}"
EndProject
Project("{FAE04EC0-301F-11D3-BF4B-00C04F79EFBC}") = "KLargestOrSmallestElements", "KLargestOrSmallestElements\KLargestOrSmallestElements.csproj", "{B88881BA-1863-4215-B86D-044CCCF4CA92}"
EndProject
Project("{FAE04EC0-301F-11D3-BF4B-00C04F79EFBC}") = "MissingNumberInArray", "MissingNumberInArray\MissingNumberInArray.csproj", "{E4D979FB-5D2A-4C45-BECA-BB8EA9CC1528}"
EndProject
Project("{FAE04EC0-301F-11D3-BF4B-00C04F79EFBC}") = "NumberOfCarries", "NumberOfCarries\NumberOfCarries.csproj", "{8C629B4B-8D4B-4153-BDB1-C13092B4DD74}"
EndProject
Project("{FAE04EC0-301F-11D3-BF4B-00C04F79EFBC}") = "3Factors", "3Factors\3Factors.csproj", "{223980CF-732F-4379-978B-2FB07B7D0B98}"
EndProject
Project("{FAE04EC0-301F-11D3-BF4B-00C04F79EFBC}") = "DuplicatesInAnArray", "DuplicatesInAnArray\DuplicatesInAnArray.csproj", "{9376AE89-D04D-466F-97CA-A8FADF073B48}"
EndProject
Project("{FAE04EC0-301F-11D3-BF4B-00C04F79EFBC}") = "FindMaximum6", "FindMaximum6\FindMaximum6.csproj", "{6EAB1BE8-5569-43E4-82C7-F8CF1AC94294}"
EndProject
Global
	GlobalSection(SolutionConfigurationPlatforms) = preSolution
		Debug|Any CPU = Debug|Any CPU
		Release|Any CPU = Release|Any CPU
	EndGlobalSection
	GlobalSection(ProjectConfigurationPlatforms) = postSolution
		{61E17684-CE87-4B59-BC84-10AB6233D610}.Debug|Any CPU.ActiveCfg = Debug|Any CPU
		{61E17684-CE87-4B59-BC84-10AB6233D610}.Debug|Any CPU.Build.0 = Debug|Any CPU
		{61E17684-CE87-4B59-BC84-10AB6233D610}.Release|Any CPU.ActiveCfg = Release|Any CPU
		{61E17684-CE87-4B59-BC84-10AB6233D610}.Release|Any CPU.Build.0 = Release|Any CPU
		{112E9EC8-F0E0-4B46-B8D9-0DC5CDAE9CDB}.Debug|Any CPU.ActiveCfg = Debug|Any CPU
		{112E9EC8-F0E0-4B46-B8D9-0DC5CDAE9CDB}.Debug|Any CPU.Build.0 = Debug|Any CPU
		{112E9EC8-F0E0-4B46-B8D9-0DC5CDAE9CDB}.Release|Any CPU.ActiveCfg = Release|Any CPU
		{112E9EC8-F0E0-4B46-B8D9-0DC5CDAE9CDB}.Release|Any CPU.Build.0 = Release|Any CPU
		{93288E0A-FA9C-464F-A471-347492768B9F}.Debug|Any CPU.ActiveCfg = Debug|Any CPU
		{93288E0A-FA9C-464F-A471-347492768B9F}.Debug|Any CPU.Build.0 = Debug|Any CPU
		{93288E0A-FA9C-464F-A471-347492768B9F}.Release|Any CPU.ActiveCfg = Release|Any CPU
		{93288E0A-FA9C-464F-A471-347492768B9F}.Release|Any CPU.Build.0 = Release|Any CPU
		{EB0DAECF-8161-4B69-B077-4B22C5A6997B}.Debug|Any CPU.ActiveCfg = Debug|Any CPU
		{EB0DAECF-8161-4B69-B077-4B22C5A6997B}.Debug|Any CPU.Build.0 = Debug|Any CPU
		{EB0DAECF-8161-4B69-B077-4B22C5A6997B}.Release|Any CPU.ActiveCfg = Release|Any CPU
		{EB0DAECF-8161-4B69-B077-4B22C5A6997B}.Release|Any CPU.Build.0 = Release|Any CPU
		{B88881BA-1863-4215-B86D-044CCCF4CA92}.Debug|Any CPU.ActiveCfg = Debug|Any CPU
		{B88881BA-1863-4215-B86D-044CCCF4CA92}.Debug|Any CPU.Build.0 = Debug|Any CPU
		{B88881BA-1863-4215-B86D-044CCCF4CA92}.Release|Any CPU.ActiveCfg = Release|Any CPU
		{B88881BA-1863-4215-B86D-044CCCF4CA92}.Release|Any CPU.Build.0 = Release|Any CPU
		{E4D979FB-5D2A-4C45-BECA-BB8EA9CC1528}.Debug|Any CPU.ActiveCfg = Debug|Any CPU
		{E4D979FB-5D2A-4C45-BECA-BB8EA9CC1528}.Debug|Any CPU.Build.0 = Debug|Any CPU
		{E4D979FB-5D2A-4C45-BECA-BB8EA9CC1528}.Release|Any CPU.ActiveCfg = Release|Any CPU
		{E4D979FB-5D2A-4C45-BECA-BB8EA9CC1528}.Release|Any CPU.Build.0 = Release|Any CPU
		{8C629B4B-8D4B-4153-BDB1-C13092B4DD74}.Debug|Any CPU.ActiveCfg = Debug|Any CPU
		{8C629B4B-8D4B-4153-BDB1-C13092B4DD74}.Debug|Any CPU.Build.0 = Debug|Any CPU
		{8C629B4B-8D4B-4153-BDB1-C13092B4DD74}.Release|Any CPU.ActiveCfg = Release|Any CPU
		{8C629B4B-8D4B-4153-BDB1-C13092B4DD74}.Release|Any CPU.Build.0 = Release|Any CPU
		{223980CF-732F-4379-978B-2FB07B7D0B98}.Debug|Any CPU.ActiveCfg = Debug|Any CPU
		{223980CF-732F-4379-978B-2FB07B7D0B98}.Debug|Any CPU.Build.0 = Debug|Any CPU
		{223980CF-732F-4379-978B-2FB07B7D0B98}.Release|Any CPU.ActiveCfg = Release|Any CPU
		{223980CF-732F-4379-978B-2FB07B7D0B98}.Release|Any CPU.Build.0 = Release|Any CPU
		{9376AE89-D04D-466F-97CA-A8FADF073B48}.Debug|Any CPU.ActiveCfg = Debug|Any CPU
		{9376AE89-D04D-466F-97CA-A8FADF073B48}.Debug|Any CPU.Build.0 = Debug|Any CPU
		{9376AE89-D04D-466F-97CA-A8FADF073B48}.Release|Any CPU.ActiveCfg = Release|Any CPU
		{9376AE89-D04D-466F-97CA-A8FADF073B48}.Release|Any CPU.Build.0 = Release|Any CPU
		{6EAB1BE8-5569-43E4-82C7-F8CF1AC94294}.Debug|Any CPU.ActiveCfg = Debug|Any CPU
		{6EAB1BE8-5569-43E4-82C7-F8CF1AC94294}.Debug|Any CPU.Build.0 = Debug|Any CPU
		{6EAB1BE8-5569-43E4-82C7-F8CF1AC94294}.Release|Any CPU.ActiveCfg = Release|Any CPU
		{6EAB1BE8-5569-43E4-82C7-F8CF1AC94294}.Release|Any CPU.Build.0 = Release|Any CPU
	EndGlobalSection
	GlobalSection(SolutionProperties) = preSolution
		HideSolutionNode = FALSE
	EndGlobalSection
EndGlobal
